// !$*UTF8*$!
{
	archiveVersion = 1;
	classes = {
	};
	objectVersion = 55;
	objects = {

/* Begin PBXBuildFile section */
		5AB3D60927D3EB21009E3C7B /* EasySOAApp.swift in Sources */ = {isa = PBXBuildFile; fileRef = 5AB3D60827D3EB21009E3C7B /* EasySOAApp.swift */; };
		5AB3D60B27D3EB21009E3C7B /* ContentView.swift in Sources */ = {isa = PBXBuildFile; fileRef = 5AB3D60A27D3EB21009E3C7B /* ContentView.swift */; };
		5AB3D60D27D3EB22009E3C7B /* Assets.xcassets in Resources */ = {isa = PBXBuildFile; fileRef = 5AB3D60C27D3EB22009E3C7B /* Assets.xcassets */; };
		5AB3D61027D3EB22009E3C7B /* Preview Assets.xcassets in Resources */ = {isa = PBXBuildFile; fileRef = 5AB3D60F27D3EB22009E3C7B /* Preview Assets.xcassets */; };
		5AB3D61A27D3EB22009E3C7B /* EasySOATests.swift in Sources */ = {isa = PBXBuildFile; fileRef = 5AB3D61927D3EB22009E3C7B /* EasySOATests.swift */; };
		5AB3D62427D3EB22009E3C7B /* EasySOAUITests.swift in Sources */ = {isa = PBXBuildFile; fileRef = 5AB3D62327D3EB22009E3C7B /* EasySOAUITests.swift */; };
		5AB3D62627D3EB22009E3C7B /* EasySOAUITestsLaunchTests.swift in Sources */ = {isa = PBXBuildFile; fileRef = 5AB3D62527D3EB22009E3C7B /* EasySOAUITestsLaunchTests.swift */; };
		5AB3D63627D3ECE2009E3C7B /* AGMockServer in Frameworks */ = {isa = PBXBuildFile; productRef = 5AB3D63527D3ECE2009E3C7B /* AGMockServer */; };
		5AB3D63A27D3ED9C009E3C7B /* EnglishVersionHandler.swift in Sources */ = {isa = PBXBuildFile; fileRef = 5AB3D63927D3ED9C009E3C7B /* EnglishVersionHandler.swift */; };
		5AB3D63C27D3EDF3009E3C7B /* RussianVersionHandler.swift in Sources */ = {isa = PBXBuildFile; fileRef = 5AB3D63B27D3EDF3009E3C7B /* RussianVersionHandler.swift */; };
		5AB3D63F27D3EE4F009E3C7B /* UserInfo.swift in Sources */ = {isa = PBXBuildFile; fileRef = 5AB3D63E27D3EE4F009E3C7B /* UserInfo.swift */; };
		5AB3D64127D3F2BD009E3C7B /* NetworkService.swift in Sources */ = {isa = PBXBuildFile; fileRef = 5AB3D64027D3F2BD009E3C7B /* NetworkService.swift */; };
		5AB3D64327D3F6BF009E3C7B /* UserInfoServices.swift in Sources */ = {isa = PBXBuildFile; fileRef = 5AB3D64227D3F6BF009E3C7B /* UserInfoServices.swift */; };
		5AB3D64527D3F790009E3C7B /* UserInfoManager.swift in Sources */ = {isa = PBXBuildFile; fileRef = 5AB3D64427D3F790009E3C7B /* UserInfoManager.swift */; };
		5AB3D64827D49F37009E3C7B /* UserDetails.swift in Sources */ = {isa = PBXBuildFile; fileRef = 5AB3D64727D49F37009E3C7B /* UserDetails.swift */; };
		5AB3D64A27D4AAD1009E3C7B /* ErrorGenerator.swift in Sources */ = {isa = PBXBuildFile; fileRef = 5AB3D64927D4AAD1009E3C7B /* ErrorGenerator.swift */; };
/* End PBXBuildFile section */

/* Begin PBXContainerItemProxy section */
		5AB3D61627D3EB22009E3C7B /* PBXContainerItemProxy */ = {
			isa = PBXContainerItemProxy;
			containerPortal = 5AB3D5FD27D3EB21009E3C7B /* Project object */;
			proxyType = 1;
			remoteGlobalIDString = 5AB3D60427D3EB21009E3C7B;
			remoteInfo = EasySOA;
		};
		5AB3D62027D3EB22009E3C7B /* PBXContainerItemProxy */ = {
			isa = PBXContainerItemProxy;
			containerPortal = 5AB3D5FD27D3EB21009E3C7B /* Project object */;
			proxyType = 1;
			remoteGlobalIDString = 5AB3D60427D3EB21009E3C7B;
			remoteInfo = EasySOA;
		};
/* End PBXContainerItemProxy section */

/* Begin PBXFileReference section */
		5AB3D60527D3EB21009E3C7B /* EasySOA.app */ = {isa = PBXFileReference; explicitFileType = wrapper.application; includeInIndex = 0; path = EasySOA.app; sourceTree = BUILT_PRODUCTS_DIR; };
		5AB3D60827D3EB21009E3C7B /* EasySOAApp.swift */ = {isa = PBXFileReference; lastKnownFileType = sourcecode.swift; path = EasySOAApp.swift; sourceTree = "<group>"; };
		5AB3D60A27D3EB21009E3C7B /* ContentView.swift */ = {isa = PBXFileReference; lastKnownFileType = sourcecode.swift; path = ContentView.swift; sourceTree = "<group>"; };
		5AB3D60C27D3EB22009E3C7B /* Assets.xcassets */ = {isa = PBXFileReference; lastKnownFileType = folder.assetcatalog; path = Assets.xcassets; sourceTree = "<group>"; };
		5AB3D60F27D3EB22009E3C7B /* Preview Assets.xcassets */ = {isa = PBXFileReference; lastKnownFileType = folder.assetcatalog; path = "Preview Assets.xcassets"; sourceTree = "<group>"; };
		5AB3D61527D3EB22009E3C7B /* EasySOATests.xctest */ = {isa = PBXFileReference; explicitFileType = wrapper.cfbundle; includeInIndex = 0; path = EasySOATests.xctest; sourceTree = BUILT_PRODUCTS_DIR; };
		5AB3D61927D3EB22009E3C7B /* EasySOATests.swift */ = {isa = PBXFileReference; lastKnownFileType = sourcecode.swift; path = EasySOATests.swift; sourceTree = "<group>"; };
		5AB3D61F27D3EB22009E3C7B /* EasySOAUITests.xctest */ = {isa = PBXFileReference; explicitFileType = wrapper.cfbundle; includeInIndex = 0; path = EasySOAUITests.xctest; sourceTree = BUILT_PRODUCTS_DIR; };
		5AB3D62327D3EB22009E3C7B /* EasySOAUITests.swift */ = {isa = PBXFileReference; lastKnownFileType = sourcecode.swift; path = EasySOAUITests.swift; sourceTree = "<group>"; };
		5AB3D62527D3EB22009E3C7B /* EasySOAUITestsLaunchTests.swift */ = {isa = PBXFileReference; lastKnownFileType = sourcecode.swift; path = EasySOAUITestsLaunchTests.swift; sourceTree = "<group>"; };
		5AB3D63927D3ED9C009E3C7B /* EnglishVersionHandler.swift */ = {isa = PBXFileReference; lastKnownFileType = sourcecode.swift; path = EnglishVersionHandler.swift; sourceTree = "<group>"; };
		5AB3D63B27D3EDF3009E3C7B /* RussianVersionHandler.swift */ = {isa = PBXFileReference; lastKnownFileType = sourcecode.swift; path = RussianVersionHandler.swift; sourceTree = "<group>"; };
		5AB3D63E27D3EE4F009E3C7B /* UserInfo.swift */ = {isa = PBXFileReference; lastKnownFileType = sourcecode.swift; path = UserInfo.swift; sourceTree = "<group>"; };
		5AB3D64027D3F2BD009E3C7B /* NetworkService.swift */ = {isa = PBXFileReference; lastKnownFileType = sourcecode.swift; path = NetworkService.swift; sourceTree = "<group>"; };
		5AB3D64227D3F6BF009E3C7B /* UserInfoServices.swift */ = {isa = PBXFileReference; lastKnownFileType = sourcecode.swift; path = UserInfoServices.swift; sourceTree = "<group>"; };
		5AB3D64427D3F790009E3C7B /* UserInfoManager.swift */ = {isa = PBXFileReference; lastKnownFileType = sourcecode.swift; path = UserInfoManager.swift; sourceTree = "<group>"; };
		5AB3D64727D49F37009E3C7B /* UserDetails.swift */ = {isa = PBXFileReference; lastKnownFileType = sourcecode.swift; path = UserDetails.swift; sourceTree = "<group>"; };
		5AB3D64927D4AAD1009E3C7B /* ErrorGenerator.swift */ = {isa = PBXFileReference; lastKnownFileType = sourcecode.swift; path = ErrorGenerator.swift; sourceTree = "<group>"; };
/* End PBXFileReference section */

/* Begin PBXFrameworksBuildPhase section */
		5AB3D60227D3EB21009E3C7B /* Frameworks */ = {
			isa = PBXFrameworksBuildPhase;
			buildActionMask = 2147483647;
			files = (
				5AB3D63627D3ECE2009E3C7B /* AGMockServer in Frameworks */,
			);
			runOnlyForDeploymentPostprocessing = 0;
		};
		5AB3D61227D3EB22009E3C7B /* Frameworks */ = {
			isa = PBXFrameworksBuildPhase;
			buildActionMask = 2147483647;
			files = (
			);
			runOnlyForDeploymentPostprocessing = 0;
		};
		5AB3D61C27D3EB22009E3C7B /* Frameworks */ = {
			isa = PBXFrameworksBuildPhase;
			buildActionMask = 2147483647;
			files = (
			);
			runOnlyForDeploymentPostprocessing = 0;
		};
/* End PBXFrameworksBuildPhase section */

/* Begin PBXGroup section */
		5AB3D5FC27D3EB21009E3C7B = {
			isa = PBXGroup;
			children = (
				5AB3D60727D3EB21009E3C7B /* EasySOA */,
				5AB3D61827D3EB22009E3C7B /* EasySOATests */,
				5AB3D62227D3EB22009E3C7B /* EasySOAUITests */,
				5AB3D60627D3EB21009E3C7B /* Products */,
			);
			sourceTree = "<group>";
		};
		5AB3D60627D3EB21009E3C7B /* Products */ = {
			isa = PBXGroup;
			children = (
				5AB3D60527D3EB21009E3C7B /* EasySOA.app */,
				5AB3D61527D3EB22009E3C7B /* EasySOATests.xctest */,
				5AB3D61F27D3EB22009E3C7B /* EasySOAUITests.xctest */,
			);
			name = Products;
			sourceTree = "<group>";
		};
		5AB3D60727D3EB21009E3C7B /* EasySOA */ = {
			isa = PBXGroup;
			children = (
				5AB3D64627D49F2B009E3C7B /* UI */,
				5AB3D63D27D3EE39009E3C7B /* Data */,
				5AB3D63727D3ED42009E3C7B /* Network */,
				5AB3D63327D3EC98009E3C7B /* Services */,
				5AB3D63227D3EC84009E3C7B /* Managers */,
				5AB3D60827D3EB21009E3C7B /* EasySOAApp.swift */,
				5AB3D60A27D3EB21009E3C7B /* ContentView.swift */,
				5AB3D60C27D3EB22009E3C7B /* Assets.xcassets */,
				5AB3D60E27D3EB22009E3C7B /* Preview Content */,
			);
			path = EasySOA;
			sourceTree = "<group>";
		};
		5AB3D60E27D3EB22009E3C7B /* Preview Content */ = {
			isa = PBXGroup;
			children = (
				5AB3D60F27D3EB22009E3C7B /* Preview Assets.xcassets */,
			);
			path = "Preview Content";
			sourceTree = "<group>";
		};
		5AB3D61827D3EB22009E3C7B /* EasySOATests */ = {
			isa = PBXGroup;
			children = (
				5AB3D61927D3EB22009E3C7B /* EasySOATests.swift */,
			);
			path = EasySOATests;
			sourceTree = "<group>";
		};
		5AB3D62227D3EB22009E3C7B /* EasySOAUITests */ = {
			isa = PBXGroup;
			children = (
				5AB3D62327D3EB22009E3C7B /* EasySOAUITests.swift */,
				5AB3D62527D3EB22009E3C7B /* EasySOAUITestsLaunchTests.swift */,
			);
			path = EasySOAUITests;
			sourceTree = "<group>";
		};
		5AB3D63227D3EC84009E3C7B /* Managers */ = {
			isa = PBXGroup;
			children = (
				5AB3D64427D3F790009E3C7B /* UserInfoManager.swift */,
			);
			path = Managers;
			sourceTree = "<group>";
		};
		5AB3D63327D3EC98009E3C7B /* Services */ = {
			isa = PBXGroup;
			children = (
				5AB3D64227D3F6BF009E3C7B /* UserInfoServices.swift */,
			);
			path = Services;
			sourceTree = "<group>";
		};
		5AB3D63727D3ED42009E3C7B /* Network */ = {
			isa = PBXGroup;
			children = (
				5AB3D63827D3ED66009E3C7B /* Handlers */,
				5AB3D64027D3F2BD009E3C7B /* NetworkService.swift */,
			);
			path = Network;
			sourceTree = "<group>";
		};
		5AB3D63827D3ED66009E3C7B /* Handlers */ = {
			isa = PBXGroup;
			children = (
				5AB3D63927D3ED9C009E3C7B /* EnglishVersionHandler.swift */,
				5AB3D63B27D3EDF3009E3C7B /* RussianVersionHandler.swift */,
				5AB3D64927D4AAD1009E3C7B /* ErrorGenerator.swift */,
			);
			path = Handlers;
			sourceTree = "<group>";
		};
		5AB3D63D27D3EE39009E3C7B /* Data */ = {
			isa = PBXGroup;
			children = (
				5AB3D63E27D3EE4F009E3C7B /* UserInfo.swift */,
			);
			path = Data;
			sourceTree = "<group>";
		};
		5AB3D64627D49F2B009E3C7B /* UI */ = {
			isa = PBXGroup;
			children = (
				5AB3D64727D49F37009E3C7B /* UserDetails.swift */,
			);
			path = UI;
			sourceTree = "<group>";
		};
/* End PBXGroup section */

/* Begin PBXNativeTarget section */
		5AB3D60427D3EB21009E3C7B /* EasySOA */ = {
			isa = PBXNativeTarget;
			buildConfigurationList = 5AB3D62927D3EB22009E3C7B /* Build configuration list for PBXNativeTarget "EasySOA" */;
			buildPhases = (
				5AB3D60127D3EB21009E3C7B /* Sources */,
				5AB3D60227D3EB21009E3C7B /* Frameworks */,
				5AB3D60327D3EB21009E3C7B /* Resources */,
			);
			buildRules = (
			);
			dependencies = (
			);
			name = EasySOA;
			packageProductDependencies = (
				5AB3D63527D3ECE2009E3C7B /* AGMockServer */,
			);
			productName = EasySOA;
			productReference = 5AB3D60527D3EB21009E3C7B /* EasySOA.app */;
			productType = "com.apple.product-type.application";
		};
		5AB3D61427D3EB22009E3C7B /* EasySOATests */ = {
			isa = PBXNativeTarget;
			buildConfigurationList = 5AB3D62C27D3EB22009E3C7B /* Build configuration list for PBXNativeTarget "EasySOATests" */;
			buildPhases = (
				5AB3D61127D3EB22009E3C7B /* Sources */,
				5AB3D61227D3EB22009E3C7B /* Frameworks */,
				5AB3D61327D3EB22009E3C7B /* Resources */,
			);
			buildRules = (
			);
			dependencies = (
				5AB3D61727D3EB22009E3C7B /* PBXTargetDependency */,
			);
			name = EasySOATests;
			productName = EasySOATests;
			productReference = 5AB3D61527D3EB22009E3C7B /* EasySOATests.xctest */;
			productType = "com.apple.product-type.bundle.unit-test";
		};
		5AB3D61E27D3EB22009E3C7B /* EasySOAUITests */ = {
			isa = PBXNativeTarget;
			buildConfigurationList = 5AB3D62F27D3EB22009E3C7B /* Build configuration list for PBXNativeTarget "EasySOAUITests" */;
			buildPhases = (
				5AB3D61B27D3EB22009E3C7B /* Sources */,
				5AB3D61C27D3EB22009E3C7B /* Frameworks */,
				5AB3D61D27D3EB22009E3C7B /* Resources */,
			);
			buildRules = (
			);
			dependencies = (
				5AB3D62127D3EB22009E3C7B /* PBXTargetDependency */,
			);
			name = EasySOAUITests;
			productName = EasySOAUITests;
			productReference = 5AB3D61F27D3EB22009E3C7B /* EasySOAUITests.xctest */;
			productType = "com.apple.product-type.bundle.ui-testing";
		};
/* End PBXNativeTarget section */

/* Begin PBXProject section */
		5AB3D5FD27D3EB21009E3C7B /* Project object */ = {
			isa = PBXProject;
			attributes = {
				BuildIndependentTargetsInParallel = 1;
				LastSwiftUpdateCheck = 1320;
				LastUpgradeCheck = 1320;
				TargetAttributes = {
					5AB3D60427D3EB21009E3C7B = {
						CreatedOnToolsVersion = 13.2;
					};
					5AB3D61427D3EB22009E3C7B = {
						CreatedOnToolsVersion = 13.2;
						TestTargetID = 5AB3D60427D3EB21009E3C7B;
					};
					5AB3D61E27D3EB22009E3C7B = {
						CreatedOnToolsVersion = 13.2;
						TestTargetID = 5AB3D60427D3EB21009E3C7B;
					};
				};
			};
			buildConfigurationList = 5AB3D60027D3EB21009E3C7B /* Build configuration list for PBXProject "EasySOA" */;
			compatibilityVersion = "Xcode 13.0";
			developmentRegion = en;
			hasScannedForEncodings = 0;
			knownRegions = (
				en,
				Base,
			);
			mainGroup = 5AB3D5FC27D3EB21009E3C7B;
			packageReferences = (
				5AB3D63427D3ECE2009E3C7B /* XCRemoteSwiftPackageReference "AGMockServer" */,
			);
			productRefGroup = 5AB3D60627D3EB21009E3C7B /* Products */;
			projectDirPath = "";
			projectRoot = "";
			targets = (
				5AB3D60427D3EB21009E3C7B /* EasySOA */,
				5AB3D61427D3EB22009E3C7B /* EasySOATests */,
				5AB3D61E27D3EB22009E3C7B /* EasySOAUITests */,
			);
		};
/* End PBXProject section */

/* Begin PBXResourcesBuildPhase section */
		5AB3D60327D3EB21009E3C7B /* Resources */ = {
			isa = PBXResourcesBuildPhase;
			buildActionMask = 2147483647;
			files = (
				5AB3D61027D3EB22009E3C7B /* Preview Assets.xcassets in Resources */,
				5AB3D60D27D3EB22009E3C7B /* Assets.xcassets in Resources */,
			);
			runOnlyForDeploymentPostprocessing = 0;
		};
		5AB3D61327D3EB22009E3C7B /* Resources */ = {
			isa = PBXResourcesBuildPhase;
			buildActionMask = 2147483647;
			files = (
			);
			runOnlyForDeploymentPostprocessing = 0;
		};
		5AB3D61D27D3EB22009E3C7B /* Resources */ = {
			isa = PBXResourcesBuildPhase;
			buildActionMask = 2147483647;
			files = (
			);
			runOnlyForDeploymentPostprocessing = 0;
		};
/* End PBXResourcesBuildPhase section */

/* Begin PBXSourcesBuildPhase section */
		5AB3D60127D3EB21009E3C7B /* Sources */ = {
			isa = PBXSourcesBuildPhase;
			buildActionMask = 2147483647;
			files = (
				5AB3D64A27D4AAD1009E3C7B /* ErrorGenerator.swift in Sources */,
				5AB3D63A27D3ED9C009E3C7B /* EnglishVersionHandler.swift in Sources */,
				5AB3D64327D3F6BF009E3C7B /* UserInfoServices.swift in Sources */,
				5AB3D64527D3F790009E3C7B /* UserInfoManager.swift in Sources */,
				5AB3D60B27D3EB21009E3C7B /* ContentView.swift in Sources */,
				5AB3D60927D3EB21009E3C7B /* EasySOAApp.swift in Sources */,
				5AB3D63F27D3EE4F009E3C7B /* UserInfo.swift in Sources */,
				5AB3D63C27D3EDF3009E3C7B /* RussianVersionHandler.swift in Sources */,
				5AB3D64827D49F37009E3C7B /* UserDetails.swift in Sources */,
				5AB3D64127D3F2BD009E3C7B /* NetworkService.swift in Sources */,
			);
			runOnlyForDeploymentPostprocessing = 0;
		};
		5AB3D61127D3EB22009E3C7B /* Sources */ = {
			isa = PBXSourcesBuildPhase;
			buildActionMask = 2147483647;
			files = (
				5AB3D61A27D3EB22009E3C7B /* EasySOATests.swift in Sources */,
			);
			runOnlyForDeploymentPostprocessing = 0;
		};
		5AB3D61B27D3EB22009E3C7B /* Sources */ = {
			isa = PBXSourcesBuildPhase;
			buildActionMask = 2147483647;
			files = (
				5AB3D62627D3EB22009E3C7B /* EasySOAUITestsLaunchTests.swift in Sources */,
				5AB3D62427D3EB22009E3C7B /* EasySOAUITests.swift in Sources */,
			);
			runOnlyForDeploymentPostprocessing = 0;
		};
/* End PBXSourcesBuildPhase section */

/* Begin PBXTargetDependency section */
		5AB3D61727D3EB22009E3C7B /* PBXTargetDependency */ = {
			isa = PBXTargetDependency;
			target = 5AB3D60427D3EB21009E3C7B /* EasySOA */;
			targetProxy = 5AB3D61627D3EB22009E3C7B /* PBXContainerItemProxy */;
		};
		5AB3D62127D3EB22009E3C7B /* PBXTargetDependency */ = {
			isa = PBXTargetDependency;
			target = 5AB3D60427D3EB21009E3C7B /* EasySOA */;
			targetProxy = 5AB3D62027D3EB22009E3C7B /* PBXContainerItemProxy */;
		};
/* End PBXTargetDependency section */

/* Begin XCBuildConfiguration section */
		5AB3D62727D3EB22009E3C7B /* Debug */ = {
			isa = XCBuildConfiguration;
			buildSettings = {
				ALWAYS_SEARCH_USER_PATHS = NO;
				CLANG_ANALYZER_NONNULL = YES;
				CLANG_ANALYZER_NUMBER_OBJECT_CONVERSION = YES_AGGRESSIVE;
				CLANG_CXX_LANGUAGE_STANDARD = "gnu++17";
				CLANG_CXX_LIBRARY = "libc++";
				CLANG_ENABLE_MODULES = YES;
				CLANG_ENABLE_OBJC_ARC = YES;
				CLANG_ENABLE_OBJC_WEAK = YES;
				CLANG_WARN_BLOCK_CAPTURE_AUTORELEASING = YES;
				CLANG_WARN_BOOL_CONVERSION = YES;
				CLANG_WARN_COMMA = YES;
				CLANG_WARN_CONSTANT_CONVERSION = YES;
				CLANG_WARN_DEPRECATED_OBJC_IMPLEMENTATIONS = YES;
				CLANG_WARN_DIRECT_OBJC_ISA_USAGE = YES_ERROR;
				CLANG_WARN_DOCUMENTATION_COMMENTS = YES;
				CLANG_WARN_EMPTY_BODY = YES;
				CLANG_WARN_ENUM_CONVERSION = YES;
				CLANG_WARN_INFINITE_RECURSION = YES;
				CLANG_WARN_INT_CONVERSION = YES;
				CLANG_WARN_NON_LITERAL_NULL_CONVERSION = YES;
				CLANG_WARN_OBJC_IMPLICIT_RETAIN_SELF = YES;
				CLANG_WARN_OBJC_LITERAL_CONVERSION = YES;
				CLANG_WARN_OBJC_ROOT_CLASS = YES_ERROR;
				CLANG_WARN_QUOTED_INCLUDE_IN_FRAMEWORK_HEADER = YES;
				CLANG_WARN_RANGE_LOOP_ANALYSIS = YES;
				CLANG_WARN_STRICT_PROTOTYPES = YES;
				CLANG_WARN_SUSPICIOUS_MOVE = YES;
				CLANG_WARN_UNGUARDED_AVAILABILITY = YES_AGGRESSIVE;
				CLANG_WARN_UNREACHABLE_CODE = YES;
				CLANG_WARN__DUPLICATE_METHOD_MATCH = YES;
				COPY_PHASE_STRIP = NO;
				DEBUG_INFORMATION_FORMAT = dwarf;
				ENABLE_STRICT_OBJC_MSGSEND = YES;
				ENABLE_TESTABILITY = YES;
				GCC_C_LANGUAGE_STANDARD = gnu11;
				GCC_DYNAMIC_NO_PIC = NO;
				GCC_NO_COMMON_BLOCKS = YES;
				GCC_OPTIMIZATION_LEVEL = 0;
				GCC_PREPROCESSOR_DEFINITIONS = (
					"DEBUG=1",
					"$(inherited)",
				);
				GCC_WARN_64_TO_32_BIT_CONVERSION = YES;
				GCC_WARN_ABOUT_RETURN_TYPE = YES_ERROR;
				GCC_WARN_UNDECLARED_SELECTOR = YES;
				GCC_WARN_UNINITIALIZED_AUTOS = YES_AGGRESSIVE;
				GCC_WARN_UNUSED_FUNCTION = YES;
				GCC_WARN_UNUSED_VARIABLE = YES;
				IPHONEOS_DEPLOYMENT_TARGET = 15.2;
				MTL_ENABLE_DEBUG_INFO = INCLUDE_SOURCE;
				MTL_FAST_MATH = YES;
				ONLY_ACTIVE_ARCH = YES;
				SDKROOT = iphoneos;
				SWIFT_ACTIVE_COMPILATION_CONDITIONS = DEBUG;
				SWIFT_OPTIMIZATION_LEVEL = "-Onone";
			};
			name = Debug;
		};
		5AB3D62827D3EB22009E3C7B /* Release */ = {
			isa = XCBuildConfiguration;
			buildSettings = {
				ALWAYS_SEARCH_USER_PATHS = NO;
				CLANG_ANALYZER_NONNULL = YES;
				CLANG_ANALYZER_NUMBER_OBJECT_CONVERSION = YES_AGGRESSIVE;
				CLANG_CXX_LANGUAGE_STANDARD = "gnu++17";
				CLANG_CXX_LIBRARY = "libc++";
				CLANG_ENABLE_MODULES = YES;
				CLANG_ENABLE_OBJC_ARC = YES;
				CLANG_ENABLE_OBJC_WEAK = YES;
				CLANG_WARN_BLOCK_CAPTURE_AUTORELEASING = YES;
				CLANG_WARN_BOOL_CONVERSION = YES;
				CLANG_WARN_COMMA = YES;
				CLANG_WARN_CONSTANT_CONVERSION = YES;
				CLANG_WARN_DEPRECATED_OBJC_IMPLEMENTATIONS = YES;
				CLANG_WARN_DIRECT_OBJC_ISA_USAGE = YES_ERROR;
				CLANG_WARN_DOCUMENTATION_COMMENTS = YES;
				CLANG_WARN_EMPTY_BODY = YES;
				CLANG_WARN_ENUM_CONVERSION = YES;
				CLANG_WARN_INFINITE_RECURSION = YES;
				CLANG_WARN_INT_CONVERSION = YES;
				CLANG_WARN_NON_LITERAL_NULL_CONVERSION = YES;
				CLANG_WARN_OBJC_IMPLICIT_RETAIN_SELF = YES;
				CLANG_WARN_OBJC_LITERAL_CONVERSION = YES;
				CLANG_WARN_OBJC_ROOT_CLASS = YES_ERROR;
				CLANG_WARN_QUOTED_INCLUDE_IN_FRAMEWORK_HEADER = YES;
				CLANG_WARN_RANGE_LOOP_ANALYSIS = YES;
				CLANG_WARN_STRICT_PROTOTYPES = YES;
				CLANG_WARN_SUSPICIOUS_MOVE = YES;
				CLANG_WARN_UNGUARDED_AVAILABILITY = YES_AGGRESSIVE;
				CLANG_WARN_UNREACHABLE_CODE = YES;
				CLANG_WARN__DUPLICATE_METHOD_MATCH = YES;
				COPY_PHASE_STRIP = NO;
				DEBUG_INFORMATION_FORMAT = "dwarf-with-dsym";
				ENABLE_NS_ASSERTIONS = NO;
				ENABLE_STRICT_OBJC_MSGSEND = YES;
				GCC_C_LANGUAGE_STANDARD = gnu11;
				GCC_NO_COMMON_BLOCKS = YES;
				GCC_WARN_64_TO_32_BIT_CONVERSION = YES;
				GCC_WARN_ABOUT_RETURN_TYPE = YES_ERROR;
				GCC_WARN_UNDECLARED_SELECTOR = YES;
				GCC_WARN_UNINITIALIZED_AUTOS = YES_AGGRESSIVE;
				GCC_WARN_UNUSED_FUNCTION = YES;
				GCC_WARN_UNUSED_VARIABLE = YES;
				IPHONEOS_DEPLOYMENT_TARGET = 15.2;
				MTL_ENABLE_DEBUG_INFO = NO;
				MTL_FAST_MATH = YES;
				SDKROOT = iphoneos;
				SWIFT_COMPILATION_MODE = wholemodule;
				SWIFT_OPTIMIZATION_LEVEL = "-O";
				VALIDATE_PRODUCT = YES;
			};
			name = Release;
		};
		5AB3D62A27D3EB22009E3C7B /* Debug */ = {
			isa = XCBuildConfiguration;
			buildSettings = {
				ASSETCATALOG_COMPILER_APPICON_NAME = AppIcon;
				ASSETCATALOG_COMPILER_GLOBAL_ACCENT_COLOR_NAME = AccentColor;
				CODE_SIGN_STYLE = Automatic;
				CURRENT_PROJECT_VERSION = 1;
				DEVELOPMENT_ASSET_PATHS = "\"EasySOA/Preview Content\"";
				DEVELOPMENT_TEAM = BRG68T9M9H;
				ENABLE_PREVIEWS = YES;
				GENERATE_INFOPLIST_FILE = YES;
				INFOPLIST_KEY_UIApplicationSceneManifest_Generation = YES;
				INFOPLIST_KEY_UIApplicationSupportsIndirectInputEvents = YES;
				INFOPLIST_KEY_UILaunchScreen_Generation = YES;
				INFOPLIST_KEY_UISupportedInterfaceOrientations_iPad = "UIInterfaceOrientationPortrait UIInterfaceOrientationPortraitUpsideDown UIInterfaceOrientationLandscapeLeft UIInterfaceOrientationLandscapeRight";
				INFOPLIST_KEY_UISupportedInterfaceOrientations_iPhone = "UIInterfaceOrientationPortrait UIInterfaceOrientationLandscapeLeft UIInterfaceOrientationLandscapeRight";
				LD_RUNPATH_SEARCH_PATHS = (
					"$(inherited)",
					"@executable_path/Frameworks",
				);
				MARKETING_VERSION = 1.0;
				PRODUCT_BUNDLE_IDENTIFIER = mobi.agsoft.EasySOA;
				PRODUCT_NAME = "$(TARGET_NAME)";
				SWIFT_EMIT_LOC_STRINGS = YES;
				SWIFT_VERSION = 5.0;
				TARGETED_DEVICE_FAMILY = "1,2";
			};
			name = Debug;
		};
		5AB3D62B27D3EB22009E3C7B /* Release */ = {
			isa = XCBuildConfiguration;
			buildSettings = {
				ASSETCATALOG_COMPILER_APPICON_NAME = AppIcon;
				ASSETCATALOG_COMPILER_GLOBAL_ACCENT_COLOR_NAME = AccentColor;
				CODE_SIGN_STYLE = Automatic;
				CURRENT_PROJECT_VERSION = 1;
				DEVELOPMENT_ASSET_PATHS = "\"EasySOA/Preview Content\"";
				DEVELOPMENT_TEAM = BRG68T9M9H;
				ENABLE_PREVIEWS = YES;
				GENERATE_INFOPLIST_FILE = YES;
				INFOPLIST_KEY_UIApplicationSceneManifest_Generation = YES;
				INFOPLIST_KEY_UIApplicationSupportsIndirectInputEvents = YES;
				INFOPLIST_KEY_UILaunchScreen_Generation = YES;
				INFOPLIST_KEY_UISupportedInterfaceOrientations_iPad = "UIInterfaceOrientationPortrait UIInterfaceOrientationPortraitUpsideDown UIInterfaceOrientationLandscapeLeft UIInterfaceOrientationLandscapeRight";
				INFOPLIST_KEY_UISupportedInterfaceOrientations_iPhone = "UIInterfaceOrientationPortrait UIInterfaceOrientationLandscapeLeft UIInterfaceOrientationLandscapeRight";
				LD_RUNPATH_SEARCH_PATHS = (
					"$(inherited)",
					"@executable_path/Frameworks",
				);
				MARKETING_VERSION = 1.0;
				PRODUCT_BUNDLE_IDENTIFIER = mobi.agsoft.EasySOA;
				PRODUCT_NAME = "$(TARGET_NAME)";
				SWIFT_EMIT_LOC_STRINGS = YES;
				SWIFT_VERSION = 5.0;
				TARGETED_DEVICE_FAMILY = "1,2";
			};
			name = Release;
		};
		5AB3D62D27D3EB22009E3C7B /* Debug */ = {
			isa = XCBuildConfiguration;
			buildSettings = {
				ALWAYS_EMBED_SWIFT_STANDARD_LIBRARIES = YES;
				BUNDLE_LOADER = "$(TEST_HOST)";
				CODE_SIGN_STYLE = Automatic;
				CURRENT_PROJECT_VERSION = 1;
				DEVELOPMENT_TEAM = BRG68T9M9H;
				GENERATE_INFOPLIST_FILE = YES;
				IPHONEOS_DEPLOYMENT_TARGET = 15.2;
				MARKETING_VERSION = 1.0;
				PRODUCT_BUNDLE_IDENTIFIER = mobi.agsoft.EasySOATests;
				PRODUCT_NAME = "$(TARGET_NAME)";
				SWIFT_EMIT_LOC_STRINGS = NO;
				SWIFT_VERSION = 5.0;
				TARGETED_DEVICE_FAMILY = "1,2";
				TEST_HOST = "$(BUILT_PRODUCTS_DIR)/EasySOA.app/EasySOA";
			};
			name = Debug;
		};
		5AB3D62E27D3EB22009E3C7B /* Release */ = {
			isa = XCBuildConfiguration;
			buildSettings = {
				ALWAYS_EMBED_SWIFT_STANDARD_LIBRARIES = YES;
				BUNDLE_LOADER = "$(TEST_HOST)";
				CODE_SIGN_STYLE = Automatic;
				CURRENT_PROJECT_VERSION = 1;
				DEVELOPMENT_TEAM = BRG68T9M9H;
				GENERATE_INFOPLIST_FILE = YES;
				IPHONEOS_DEPLOYMENT_TARGET = 15.2;
				MARKETING_VERSION = 1.0;
				PRODUCT_BUNDLE_IDENTIFIER = mobi.agsoft.EasySOATests;
				PRODUCT_NAME = "$(TARGET_NAME)";
				SWIFT_EMIT_LOC_STRINGS = NO;
				SWIFT_VERSION = 5.0;
				TARGETED_DEVICE_FAMILY = "1,2";
				TEST_HOST = "$(BUILT_PRODUCTS_DIR)/EasySOA.app/EasySOA";
			};
			name = Release;
		};
		5AB3D63027D3EB22009E3C7B /* Debug */ = {
			isa = XCBuildConfiguration;
			buildSettings = {
				ALWAYS_EMBED_SWIFT_STANDARD_LIBRARIES = YES;
				CODE_SIGN_STYLE = Automatic;
				CURRENT_PROJECT_VERSION = 1;
				DEVELOPMENT_TEAM = BRG68T9M9H;
				GENERATE_INFOPLIST_FILE = YES;
				MARKETING_VERSION = 1.0;
				PRODUCT_BUNDLE_IDENTIFIER = mobi.agsoft.EasySOAUITests;
				PRODUCT_NAME = "$(TARGET_NAME)";
				SWIFT_EMIT_LOC_STRINGS = NO;
				SWIFT_VERSION = 5.0;
				TARGETED_DEVICE_FAMILY = "1,2";
				TEST_TARGET_NAME = EasySOA;
			};
			name = Debug;
		};
		5AB3D63127D3EB22009E3C7B /* Release */ = {
			isa = XCBuildConfiguration;
			buildSettings = {
				ALWAYS_EMBED_SWIFT_STANDARD_LIBRARIES = YES;
				CODE_SIGN_STYLE = Automatic;
				CURRENT_PROJECT_VERSION = 1;
				DEVELOPMENT_TEAM = BRG68T9M9H;
				GENERATE_INFOPLIST_FILE = YES;
				MARKETING_VERSION = 1.0;
				PRODUCT_BUNDLE_IDENTIFIER = mobi.agsoft.EasySOAUITests;
				PRODUCT_NAME = "$(TARGET_NAME)";
				SWIFT_EMIT_LOC_STRINGS = NO;
				SWIFT_VERSION = 5.0;
				TARGETED_DEVICE_FAMILY = "1,2";
				TEST_TARGET_NAME = EasySOA;
			};
			name = Release;
		};
/* End XCBuildConfiguration section */

/* Begin XCConfigurationList section */
		5AB3D60027D3EB21009E3C7B /* Build configuration list for PBXProject "EasySOA" */ = {
			isa = XCConfigurationList;
			buildConfigurations = (
				5AB3D62727D3EB22009E3C7B /* Debug */,
				5AB3D62827D3EB22009E3C7B /* Release */,
			);
			defaultConfigurationIsVisible = 0;
			defaultConfigurationName = Release;
		};
		5AB3D62927D3EB22009E3C7B /* Build configuration list for PBXNativeTarget "EasySOA" */ = {
			isa = XCConfigurationList;
			buildConfigurations = (
				5AB3D62A27D3EB22009E3C7B /* Debug */,
				5AB3D62B27D3EB22009E3C7B /* Release */,
			);
			defaultConfigurationIsVisible = 0;
			defaultConfigurationName = Release;
		};
		5AB3D62C27D3EB22009E3C7B /* Build configuration list for PBXNativeTarget "EasySOATests" */ = {
			isa = XCConfigurationList;
			buildConfigurations = (
				5AB3D62D27D3EB22009E3C7B /* Debug */,
				5AB3D62E27D3EB22009E3C7B /* Release */,
			);
			defaultConfigurationIsVisible = 0;
			defaultConfigurationName = Release;
		};
		5AB3D62F27D3EB22009E3C7B /* Build configuration list for PBXNativeTarget "EasySOAUITests" */ = {
			isa = XCConfigurationList;
			buildConfigurations = (
				5AB3D63027D3EB22009E3C7B /* Debug */,
				5AB3D63127D3EB22009E3C7B /* Release */,
			);
			defaultConfigurationIsVisible = 0;
			defaultConfigurationName = Release;
		};
/* End XCConfigurationList section */

/* Begin XCRemoteSwiftPackageReference section */
		5AB3D63427D3ECE2009E3C7B /* XCRemoteSwiftPackageReference "AGMockServer" */ = {
			isa = XCRemoteSwiftPackageReference;
			repositoryURL = "git@github.com:AlexeyGolovenkov/AGMockServer.git";
			requirement = {
				kind = upToNextMinorVersion;
				minimumVersion = 0.2.0;
			};
		};
/* End XCRemoteSwiftPackageReference section */

/* Begin XCSwiftPackageProductDependency section */
		5AB3D63527D3ECE2009E3C7B /* AGMockServer */ = {
			isa = XCSwiftPackageProductDependency;
			package = 5AB3D63427D3ECE2009E3C7B /* XCRemoteSwiftPackageReference "AGMockServer" */;
			productName = AGMockServer;
		};
/* End XCSwiftPackageProductDependency section */
	};
	rootObject = 5AB3D5FD27D3EB21009E3C7B /* Project object */;
}
